
Microsoft Visual Studio Solution File, Format Version 12.00
# Visual Studio Version 17
VisualStudioVersion = 17.9.34622.214
MinimumVisualStudioVersion = 10.0.40219.1
Project("{9A19103F-16F7-4668-BE54-9A1E7A4F7556}") = "ClassRegistration.Server", "ClassRegistration.Server\ClassRegistration.Server.csproj", "{40AFF305-42DE-49AF-956A-B97E33E38C03}"
EndProject
Project("{54A90642-561A-4BB1-A94E-469ADEE60C69}") = "classregistration.client", "classregistration.client\classregistration.client.esproj", "{9851E978-6C9C-4791-AE9C-7C305148625A}"
EndProject
Project("{54A90642-561A-4BB1-A94E-469ADEE60C69}") = "admin.client", "admin.client\admin.client.esproj", "{9AEE18EC-3C89-4EC6-A05B-DBF616AFA574}"
EndProject
Global
	GlobalSection(SolutionConfigurationPlatforms) = preSolution
		Debug|Any CPU = Debug|Any CPU
		Release|Any CPU = Release|Any CPU
	EndGlobalSection
	GlobalSection(ProjectConfigurationPlatforms) = postSolution
		{40AFF305-42DE-49AF-956A-B97E33E38C03}.Debug|Any CPU.ActiveCfg = Debug|Any CPU
		{40AFF305-42DE-49AF-956A-B97E33E38C03}.Debug|Any CPU.Build.0 = Debug|Any CPU
		{40AFF305-42DE-49AF-956A-B97E33E38C03}.Release|Any CPU.ActiveCfg = Release|Any CPU
		{40AFF305-42DE-49AF-956A-B97E33E38C03}.Release|Any CPU.Build.0 = Release|Any CPU
		{9851E978-6C9C-4791-AE9C-7C305148625A}.Debug|Any CPU.ActiveCfg = Debug|Any CPU
		{9851E978-6C9C-4791-AE9C-7C305148625A}.Debug|Any CPU.Build.0 = Debug|Any CPU
		{9851E978-6C9C-4791-AE9C-7C305148625A}.Debug|Any CPU.Deploy.0 = Debug|Any CPU
		{9851E978-6C9C-4791-AE9C-7C305148625A}.Release|Any CPU.ActiveCfg = Release|Any CPU
		{9851E978-6C9C-4791-AE9C-7C305148625A}.Release|Any CPU.Build.0 = Release|Any CPU
		{9851E978-6C9C-4791-AE9C-7C305148625A}.Release|Any CPU.Deploy.0 = Release|Any CPU
		{9AEE18EC-3C89-4EC6-A05B-DBF616AFA574}.Debug|Any CPU.ActiveCfg = Debug|Any CPU
		{9AEE18EC-3C89-4EC6-A05B-DBF616AFA574}.Debug|Any CPU.Build.0 = Debug|Any CPU
		{9AEE18EC-3C89-4EC6-A05B-DBF616AFA574}.Debug|Any CPU.Deploy.0 = Debug|Any CPU
		{9AEE18EC-3C89-4EC6-A05B-DBF616AFA574}.Release|Any CPU.ActiveCfg = Release|Any CPU
		{9AEE18EC-3C89-4EC6-A05B-DBF616AFA574}.Release|Any CPU.Build.0 = Release|Any CPU
		{9AEE18EC-3C89-4EC6-A05B-DBF616AFA574}.Release|Any CPU.Deploy.0 = Release|Any CPU
	EndGlobalSection
	GlobalSection(SolutionProperties) = preSolution
		HideSolutionNode = FALSE
	EndGlobalSection
	GlobalSection(ExtensibilityGlobals) = postSolution
		SolutionGuid = {C9D55875-8E2F-424D-8FEC-547CE47F013D}
	EndGlobalSection
EndGlobal
